
Microsoft Visual Studio Solution File, Format Version 12.00
# Visual Studio Version 16
VisualStudioVersion = 16.0.30114.105
MinimumVisualStudioVersion = 10.0.40219.1
Project("{9A19103F-16F7-4668-BE54-9A1E7A4F7556}") = "api", "api\api.csproj", "{E1BEE27A-ECCE-4486-8BA3-8E55D0F25F29}"
EndProject
Project("{2150E333-8FDC-42A3-9474-1A3956D46DE8}") = "storage", "storage", "{66C1B633-07F7-4226-82A4-8F9993FE5E2D}"
EndProject
Project("{9A19103F-16F7-4668-BE54-9A1E7A4F7556}") = "sales", "sales\sales.csproj", "{408E925F-F364-4D20-A6C0-F8FE63D7767F}"
EndProject
Project("{9A19103F-16F7-4668-BE54-9A1E7A4F7556}") = "sales-spec", "sales-spec\sales-spec.csproj", "{8559E6E3-6D48-4165-A48D-E9D120831401}"
EndProject
Project("{2150E333-8FDC-42A3-9474-1A3956D46DE8}") = "sales", "sales", "{F07ECE16-A3F7-41BF-B0E5-3A590CCE4ABA}"
EndProject
Project("{2150E333-8FDC-42A3-9474-1A3956D46DE8}") = "_shared-kernel", "_shared-kernel", "{6693D207-6B69-4A95-9A92-41EC1DA023E7}"
EndProject
Project("{9A19103F-16F7-4668-BE54-9A1E7A4F7556}") = "shared-kernel", "shared-kernel\shared-kernel.csproj", "{578FB855-EA3A-4CE9-BAAA-9B985B105D15}"
EndProject
Project("{9A19103F-16F7-4668-BE54-9A1E7A4F7556}") = "shared-kernel-spec", "shared-kernel-spec\shared-kernel-spec.csproj", "{E3084AB7-5164-4187-83D7-C3506B3F8701}"
EndProject
Project("{9A19103F-16F7-4668-BE54-9A1E7A4F7556}") = "sales-services", "sales-services\sales-services.csproj", "{3A88538A-7D70-49FD-9DCA-EF6E2FEA1E9A}"
EndProject
Project("{2150E333-8FDC-42A3-9474-1A3956D46DE8}") = "api", "api", "{1C304B1A-B65B-47BC-A02D-3BA7058A5F74}"
EndProject
Project("{9A19103F-16F7-4668-BE54-9A1E7A4F7556}") = "api-spec", "api-spec\api-spec.csproj", "{4321C858-5039-466E-927E-8B26E51E6EA7}"
EndProject
Project("{9A19103F-16F7-4668-BE54-9A1E7A4F7556}") = "write", "write\write.csproj", "{D589FD88-ADDF-47CE-8F32-11365C61B934}"
EndProject
Project("{9A19103F-16F7-4668-BE54-9A1E7A4F7556}") = "read", "read\read.csproj", "{FF127D50-65B9-43E7-9AE5-26EEFFC59065}"
EndProject
Project("{2150E333-8FDC-42A3-9474-1A3956D46DE8}") = "catalog", "catalog", "{C92863BA-4A32-46B7-BF80-FC734F6FCD15}"
EndProject
Project("{9A19103F-16F7-4668-BE54-9A1E7A4F7556}") = "catalog-spec", "catalog-spec\catalog-spec.csproj", "{1956AAAA-2BED-418E-BF90-1C2BED85DBCB}"
EndProject
Project("{FAE04EC0-301F-11D3-BF4B-00C04F79EFBC}") = "catalog", "catalog\catalog.csproj", "{C21FBFD1-1847-42EC-AB0F-1F5232B9EEF8}"
EndProject
Project("{FAE04EC0-301F-11D3-BF4B-00C04F79EFBC}") = "catalog-services", "catalog-services\catalog-services.csproj", "{743C0459-CE32-4E61-A2DE-2F0D5F8EE099}"
EndProject
Global
	GlobalSection(SolutionConfigurationPlatforms) = preSolution
		Debug|Any CPU = Debug|Any CPU
		Debug|x64 = Debug|x64
		Debug|x86 = Debug|x86
		Release|Any CPU = Release|Any CPU
		Release|x64 = Release|x64
		Release|x86 = Release|x86
	EndGlobalSection
	GlobalSection(ProjectConfigurationPlatforms) = postSolution
		{E1BEE27A-ECCE-4486-8BA3-8E55D0F25F29}.Debug|Any CPU.ActiveCfg = Debug|Any CPU
		{E1BEE27A-ECCE-4486-8BA3-8E55D0F25F29}.Debug|Any CPU.Build.0 = Debug|Any CPU
		{E1BEE27A-ECCE-4486-8BA3-8E55D0F25F29}.Debug|x64.ActiveCfg = Debug|Any CPU
		{E1BEE27A-ECCE-4486-8BA3-8E55D0F25F29}.Debug|x64.Build.0 = Debug|Any CPU
		{E1BEE27A-ECCE-4486-8BA3-8E55D0F25F29}.Debug|x86.ActiveCfg = Debug|Any CPU
		{E1BEE27A-ECCE-4486-8BA3-8E55D0F25F29}.Debug|x86.Build.0 = Debug|Any CPU
		{E1BEE27A-ECCE-4486-8BA3-8E55D0F25F29}.Release|Any CPU.ActiveCfg = Release|Any CPU
		{E1BEE27A-ECCE-4486-8BA3-8E55D0F25F29}.Release|Any CPU.Build.0 = Release|Any CPU
		{E1BEE27A-ECCE-4486-8BA3-8E55D0F25F29}.Release|x64.ActiveCfg = Release|Any CPU
		{E1BEE27A-ECCE-4486-8BA3-8E55D0F25F29}.Release|x64.Build.0 = Release|Any CPU
		{E1BEE27A-ECCE-4486-8BA3-8E55D0F25F29}.Release|x86.ActiveCfg = Release|Any CPU
		{E1BEE27A-ECCE-4486-8BA3-8E55D0F25F29}.Release|x86.Build.0 = Release|Any CPU
		{408E925F-F364-4D20-A6C0-F8FE63D7767F}.Debug|Any CPU.ActiveCfg = Debug|Any CPU
		{408E925F-F364-4D20-A6C0-F8FE63D7767F}.Debug|Any CPU.Build.0 = Debug|Any CPU
		{408E925F-F364-4D20-A6C0-F8FE63D7767F}.Debug|x64.ActiveCfg = Debug|Any CPU
		{408E925F-F364-4D20-A6C0-F8FE63D7767F}.Debug|x64.Build.0 = Debug|Any CPU
		{408E925F-F364-4D20-A6C0-F8FE63D7767F}.Debug|x86.ActiveCfg = Debug|Any CPU
		{408E925F-F364-4D20-A6C0-F8FE63D7767F}.Debug|x86.Build.0 = Debug|Any CPU
		{408E925F-F364-4D20-A6C0-F8FE63D7767F}.Release|Any CPU.ActiveCfg = Release|Any CPU
		{408E925F-F364-4D20-A6C0-F8FE63D7767F}.Release|Any CPU.Build.0 = Release|Any CPU
		{408E925F-F364-4D20-A6C0-F8FE63D7767F}.Release|x64.ActiveCfg = Release|Any CPU
		{408E925F-F364-4D20-A6C0-F8FE63D7767F}.Release|x64.Build.0 = Release|Any CPU
		{408E925F-F364-4D20-A6C0-F8FE63D7767F}.Release|x86.ActiveCfg = Release|Any CPU
		{408E925F-F364-4D20-A6C0-F8FE63D7767F}.Release|x86.Build.0 = Release|Any CPU
		{8559E6E3-6D48-4165-A48D-E9D120831401}.Debug|Any CPU.ActiveCfg = Debug|Any CPU
		{8559E6E3-6D48-4165-A48D-E9D120831401}.Debug|Any CPU.Build.0 = Debug|Any CPU
		{8559E6E3-6D48-4165-A48D-E9D120831401}.Debug|x64.ActiveCfg = Debug|Any CPU
		{8559E6E3-6D48-4165-A48D-E9D120831401}.Debug|x64.Build.0 = Debug|Any CPU
		{8559E6E3-6D48-4165-A48D-E9D120831401}.Debug|x86.ActiveCfg = Debug|Any CPU
		{8559E6E3-6D48-4165-A48D-E9D120831401}.Debug|x86.Build.0 = Debug|Any CPU
		{8559E6E3-6D48-4165-A48D-E9D120831401}.Release|Any CPU.ActiveCfg = Release|Any CPU
		{8559E6E3-6D48-4165-A48D-E9D120831401}.Release|Any CPU.Build.0 = Release|Any CPU
		{8559E6E3-6D48-4165-A48D-E9D120831401}.Release|x64.ActiveCfg = Release|Any CPU
		{8559E6E3-6D48-4165-A48D-E9D120831401}.Release|x64.Build.0 = Release|Any CPU
		{8559E6E3-6D48-4165-A48D-E9D120831401}.Release|x86.ActiveCfg = Release|Any CPU
		{8559E6E3-6D48-4165-A48D-E9D120831401}.Release|x86.Build.0 = Release|Any CPU
		{578FB855-EA3A-4CE9-BAAA-9B985B105D15}.Debug|Any CPU.ActiveCfg = Debug|Any CPU
		{578FB855-EA3A-4CE9-BAAA-9B985B105D15}.Debug|Any CPU.Build.0 = Debug|Any CPU
		{578FB855-EA3A-4CE9-BAAA-9B985B105D15}.Debug|x64.ActiveCfg = Debug|Any CPU
		{578FB855-EA3A-4CE9-BAAA-9B985B105D15}.Debug|x64.Build.0 = Debug|Any CPU
		{578FB855-EA3A-4CE9-BAAA-9B985B105D15}.Debug|x86.ActiveCfg = Debug|Any CPU
		{578FB855-EA3A-4CE9-BAAA-9B985B105D15}.Debug|x86.Build.0 = Debug|Any CPU
		{578FB855-EA3A-4CE9-BAAA-9B985B105D15}.Release|Any CPU.ActiveCfg = Release|Any CPU
		{578FB855-EA3A-4CE9-BAAA-9B985B105D15}.Release|Any CPU.Build.0 = Release|Any CPU
		{578FB855-EA3A-4CE9-BAAA-9B985B105D15}.Release|x64.ActiveCfg = Release|Any CPU
		{578FB855-EA3A-4CE9-BAAA-9B985B105D15}.Release|x64.Build.0 = Release|Any CPU
		{578FB855-EA3A-4CE9-BAAA-9B985B105D15}.Release|x86.ActiveCfg = Release|Any CPU
		{578FB855-EA3A-4CE9-BAAA-9B985B105D15}.Release|x86.Build.0 = Release|Any CPU
		{E3084AB7-5164-4187-83D7-C3506B3F8701}.Debug|Any CPU.ActiveCfg = Debug|Any CPU
		{E3084AB7-5164-4187-83D7-C3506B3F8701}.Debug|Any CPU.Build.0 = Debug|Any CPU
		{E3084AB7-5164-4187-83D7-C3506B3F8701}.Debug|x64.ActiveCfg = Debug|Any CPU
		{E3084AB7-5164-4187-83D7-C3506B3F8701}.Debug|x64.Build.0 = Debug|Any CPU
		{E3084AB7-5164-4187-83D7-C3506B3F8701}.Debug|x86.ActiveCfg = Debug|Any CPU
		{E3084AB7-5164-4187-83D7-C3506B3F8701}.Debug|x86.Build.0 = Debug|Any CPU
		{E3084AB7-5164-4187-83D7-C3506B3F8701}.Release|Any CPU.ActiveCfg = Release|Any CPU
		{E3084AB7-5164-4187-83D7-C3506B3F8701}.Release|Any CPU.Build.0 = Release|Any CPU
		{E3084AB7-5164-4187-83D7-C3506B3F8701}.Release|x64.ActiveCfg = Release|Any CPU
		{E3084AB7-5164-4187-83D7-C3506B3F8701}.Release|x64.Build.0 = Release|Any CPU
		{E3084AB7-5164-4187-83D7-C3506B3F8701}.Release|x86.ActiveCfg = Release|Any CPU
		{E3084AB7-5164-4187-83D7-C3506B3F8701}.Release|x86.Build.0 = Release|Any CPU
		{3A88538A-7D70-49FD-9DCA-EF6E2FEA1E9A}.Debug|Any CPU.ActiveCfg = Debug|Any CPU
		{3A88538A-7D70-49FD-9DCA-EF6E2FEA1E9A}.Debug|Any CPU.Build.0 = Debug|Any CPU
		{3A88538A-7D70-49FD-9DCA-EF6E2FEA1E9A}.Debug|x64.ActiveCfg = Debug|Any CPU
		{3A88538A-7D70-49FD-9DCA-EF6E2FEA1E9A}.Debug|x64.Build.0 = Debug|Any CPU
		{3A88538A-7D70-49FD-9DCA-EF6E2FEA1E9A}.Debug|x86.ActiveCfg = Debug|Any CPU
		{3A88538A-7D70-49FD-9DCA-EF6E2FEA1E9A}.Debug|x86.Build.0 = Debug|Any CPU
		{3A88538A-7D70-49FD-9DCA-EF6E2FEA1E9A}.Release|Any CPU.ActiveCfg = Release|Any CPU
		{3A88538A-7D70-49FD-9DCA-EF6E2FEA1E9A}.Release|Any CPU.Build.0 = Release|Any CPU
		{3A88538A-7D70-49FD-9DCA-EF6E2FEA1E9A}.Release|x64.ActiveCfg = Release|Any CPU
		{3A88538A-7D70-49FD-9DCA-EF6E2FEA1E9A}.Release|x64.Build.0 = Release|Any CPU
		{3A88538A-7D70-49FD-9DCA-EF6E2FEA1E9A}.Release|x86.ActiveCfg = Release|Any CPU
		{3A88538A-7D70-49FD-9DCA-EF6E2FEA1E9A}.Release|x86.Build.0 = Release|Any CPU
		{4321C858-5039-466E-927E-8B26E51E6EA7}.Debug|Any CPU.ActiveCfg = Debug|Any CPU
		{4321C858-5039-466E-927E-8B26E51E6EA7}.Debug|Any CPU.Build.0 = Debug|Any CPU
		{4321C858-5039-466E-927E-8B26E51E6EA7}.Debug|x64.ActiveCfg = Debug|Any CPU
		{4321C858-5039-466E-927E-8B26E51E6EA7}.Debug|x64.Build.0 = Debug|Any CPU
		{4321C858-5039-466E-927E-8B26E51E6EA7}.Debug|x86.ActiveCfg = Debug|Any CPU
		{4321C858-5039-466E-927E-8B26E51E6EA7}.Debug|x86.Build.0 = Debug|Any CPU
		{4321C858-5039-466E-927E-8B26E51E6EA7}.Release|Any CPU.ActiveCfg = Release|Any CPU
		{4321C858-5039-466E-927E-8B26E51E6EA7}.Release|Any CPU.Build.0 = Release|Any CPU
		{4321C858-5039-466E-927E-8B26E51E6EA7}.Release|x64.ActiveCfg = Release|Any CPU
		{4321C858-5039-466E-927E-8B26E51E6EA7}.Release|x64.Build.0 = Release|Any CPU
		{4321C858-5039-466E-927E-8B26E51E6EA7}.Release|x86.ActiveCfg = Release|Any CPU
		{4321C858-5039-466E-927E-8B26E51E6EA7}.Release|x86.Build.0 = Release|Any CPU
		{D589FD88-ADDF-47CE-8F32-11365C61B934}.Debug|Any CPU.ActiveCfg = Debug|Any CPU
		{D589FD88-ADDF-47CE-8F32-11365C61B934}.Debug|Any CPU.Build.0 = Debug|Any CPU
		{D589FD88-ADDF-47CE-8F32-11365C61B934}.Debug|x64.ActiveCfg = Debug|Any CPU
		{D589FD88-ADDF-47CE-8F32-11365C61B934}.Debug|x64.Build.0 = Debug|Any CPU
		{D589FD88-ADDF-47CE-8F32-11365C61B934}.Debug|x86.ActiveCfg = Debug|Any CPU
		{D589FD88-ADDF-47CE-8F32-11365C61B934}.Debug|x86.Build.0 = Debug|Any CPU
		{D589FD88-ADDF-47CE-8F32-11365C61B934}.Release|Any CPU.ActiveCfg = Release|Any CPU
		{D589FD88-ADDF-47CE-8F32-11365C61B934}.Release|Any CPU.Build.0 = Release|Any CPU
		{D589FD88-ADDF-47CE-8F32-11365C61B934}.Release|x64.ActiveCfg = Release|Any CPU
		{D589FD88-ADDF-47CE-8F32-11365C61B934}.Release|x64.Build.0 = Release|Any CPU
		{D589FD88-ADDF-47CE-8F32-11365C61B934}.Release|x86.ActiveCfg = Release|Any CPU
		{D589FD88-ADDF-47CE-8F32-11365C61B934}.Release|x86.Build.0 = Release|Any CPU
		{FF127D50-65B9-43E7-9AE5-26EEFFC59065}.Debug|Any CPU.ActiveCfg = Debug|Any CPU
		{FF127D50-65B9-43E7-9AE5-26EEFFC59065}.Debug|Any CPU.Build.0 = Debug|Any CPU
		{FF127D50-65B9-43E7-9AE5-26EEFFC59065}.Debug|x64.ActiveCfg = Debug|Any CPU
		{FF127D50-65B9-43E7-9AE5-26EEFFC59065}.Debug|x64.Build.0 = Debug|Any CPU
		{FF127D50-65B9-43E7-9AE5-26EEFFC59065}.Debug|x86.ActiveCfg = Debug|Any CPU
		{FF127D50-65B9-43E7-9AE5-26EEFFC59065}.Debug|x86.Build.0 = Debug|Any CPU
		{FF127D50-65B9-43E7-9AE5-26EEFFC59065}.Release|Any CPU.ActiveCfg = Release|Any CPU
		{FF127D50-65B9-43E7-9AE5-26EEFFC59065}.Release|Any CPU.Build.0 = Release|Any CPU
		{FF127D50-65B9-43E7-9AE5-26EEFFC59065}.Release|x64.ActiveCfg = Release|Any CPU
		{FF127D50-65B9-43E7-9AE5-26EEFFC59065}.Release|x64.Build.0 = Release|Any CPU
		{FF127D50-65B9-43E7-9AE5-26EEFFC59065}.Release|x86.ActiveCfg = Release|Any CPU
		{FF127D50-65B9-43E7-9AE5-26EEFFC59065}.Release|x86.Build.0 = Release|Any CPU
		{1956AAAA-2BED-418E-BF90-1C2BED85DBCB}.Debug|Any CPU.ActiveCfg = Debug|Any CPU
		{1956AAAA-2BED-418E-BF90-1C2BED85DBCB}.Debug|Any CPU.Build.0 = Debug|Any CPU
		{1956AAAA-2BED-418E-BF90-1C2BED85DBCB}.Debug|x64.ActiveCfg = Debug|Any CPU
		{1956AAAA-2BED-418E-BF90-1C2BED85DBCB}.Debug|x64.Build.0 = Debug|Any CPU
		{1956AAAA-2BED-418E-BF90-1C2BED85DBCB}.Debug|x86.ActiveCfg = Debug|Any CPU
		{1956AAAA-2BED-418E-BF90-1C2BED85DBCB}.Debug|x86.Build.0 = Debug|Any CPU
		{1956AAAA-2BED-418E-BF90-1C2BED85DBCB}.Release|Any CPU.ActiveCfg = Release|Any CPU
		{1956AAAA-2BED-418E-BF90-1C2BED85DBCB}.Release|Any CPU.Build.0 = Release|Any CPU
		{1956AAAA-2BED-418E-BF90-1C2BED85DBCB}.Release|x64.ActiveCfg = Release|Any CPU
		{1956AAAA-2BED-418E-BF90-1C2BED85DBCB}.Release|x64.Build.0 = Release|Any CPU
		{1956AAAA-2BED-418E-BF90-1C2BED85DBCB}.Release|x86.ActiveCfg = Release|Any CPU
		{1956AAAA-2BED-418E-BF90-1C2BED85DBCB}.Release|x86.Build.0 = Release|Any CPU
		{C21FBFD1-1847-42EC-AB0F-1F5232B9EEF8}.Debug|Any CPU.ActiveCfg = Debug|Any CPU
		{C21FBFD1-1847-42EC-AB0F-1F5232B9EEF8}.Debug|Any CPU.Build.0 = Debug|Any CPU
		{C21FBFD1-1847-42EC-AB0F-1F5232B9EEF8}.Debug|x64.ActiveCfg = Debug|Any CPU
		{C21FBFD1-1847-42EC-AB0F-1F5232B9EEF8}.Debug|x64.Build.0 = Debug|Any CPU
		{C21FBFD1-1847-42EC-AB0F-1F5232B9EEF8}.Debug|x86.ActiveCfg = Debug|Any CPU
		{C21FBFD1-1847-42EC-AB0F-1F5232B9EEF8}.Debug|x86.Build.0 = Debug|Any CPU
		{C21FBFD1-1847-42EC-AB0F-1F5232B9EEF8}.Release|Any CPU.ActiveCfg = Release|Any CPU
		{C21FBFD1-1847-42EC-AB0F-1F5232B9EEF8}.Release|Any CPU.Build.0 = Release|Any CPU
		{C21FBFD1-1847-42EC-AB0F-1F5232B9EEF8}.Release|x64.ActiveCfg = Release|Any CPU
		{C21FBFD1-1847-42EC-AB0F-1F5232B9EEF8}.Release|x64.Build.0 = Release|Any CPU
		{C21FBFD1-1847-42EC-AB0F-1F5232B9EEF8}.Release|x86.ActiveCfg = Release|Any CPU
		{C21FBFD1-1847-42EC-AB0F-1F5232B9EEF8}.Release|x86.Build.0 = Release|Any CPU
		{743C0459-CE32-4E61-A2DE-2F0D5F8EE099}.Debug|Any CPU.ActiveCfg = Debug|Any CPU
		{743C0459-CE32-4E61-A2DE-2F0D5F8EE099}.Debug|Any CPU.Build.0 = Debug|Any CPU
		{743C0459-CE32-4E61-A2DE-2F0D5F8EE099}.Debug|x64.ActiveCfg = Debug|Any CPU
		{743C0459-CE32-4E61-A2DE-2F0D5F8EE099}.Debug|x64.Build.0 = Debug|Any CPU
		{743C0459-CE32-4E61-A2DE-2F0D5F8EE099}.Debug|x86.ActiveCfg = Debug|Any CPU
		{743C0459-CE32-4E61-A2DE-2F0D5F8EE099}.Debug|x86.Build.0 = Debug|Any CPU
		{743C0459-CE32-4E61-A2DE-2F0D5F8EE099}.Release|Any CPU.ActiveCfg = Release|Any CPU
		{743C0459-CE32-4E61-A2DE-2F0D5F8EE099}.Release|Any CPU.Build.0 = Release|Any CPU
		{743C0459-CE32-4E61-A2DE-2F0D5F8EE099}.Release|x64.ActiveCfg = Release|Any CPU
		{743C0459-CE32-4E61-A2DE-2F0D5F8EE099}.Release|x64.Build.0 = Release|Any CPU
		{743C0459-CE32-4E61-A2DE-2F0D5F8EE099}.Release|x86.ActiveCfg = Release|Any CPU
		{743C0459-CE32-4E61-A2DE-2F0D5F8EE099}.Release|x86.Build.0 = Release|Any CPU
	EndGlobalSection
	GlobalSection(SolutionProperties) = preSolution
		HideSolutionNode = FALSE
	EndGlobalSection
	GlobalSection(NestedProjects) = preSolution
		{E1BEE27A-ECCE-4486-8BA3-8E55D0F25F29} = {1C304B1A-B65B-47BC-A02D-3BA7058A5F74}
		{408E925F-F364-4D20-A6C0-F8FE63D7767F} = {F07ECE16-A3F7-41BF-B0E5-3A590CCE4ABA}
		{8559E6E3-6D48-4165-A48D-E9D120831401} = {F07ECE16-A3F7-41BF-B0E5-3A590CCE4ABA}
		{578FB855-EA3A-4CE9-BAAA-9B985B105D15} = {6693D207-6B69-4A95-9A92-41EC1DA023E7}
		{E3084AB7-5164-4187-83D7-C3506B3F8701} = {6693D207-6B69-4A95-9A92-41EC1DA023E7}
		{3A88538A-7D70-49FD-9DCA-EF6E2FEA1E9A} = {F07ECE16-A3F7-41BF-B0E5-3A590CCE4ABA}
		{4321C858-5039-466E-927E-8B26E51E6EA7} = {1C304B1A-B65B-47BC-A02D-3BA7058A5F74}
		{D589FD88-ADDF-47CE-8F32-11365C61B934} = {66C1B633-07F7-4226-82A4-8F9993FE5E2D}
		{FF127D50-65B9-43E7-9AE5-26EEFFC59065} = {66C1B633-07F7-4226-82A4-8F9993FE5E2D}
		{1956AAAA-2BED-418E-BF90-1C2BED85DBCB} = {C92863BA-4A32-46B7-BF80-FC734F6FCD15}
		{C21FBFD1-1847-42EC-AB0F-1F5232B9EEF8} = {C92863BA-4A32-46B7-BF80-FC734F6FCD15}
		{743C0459-CE32-4E61-A2DE-2F0D5F8EE099} = {C92863BA-4A32-46B7-BF80-FC734F6FCD15}
	EndGlobalSection
	GlobalSection(ExtensibilityGlobals) = postSolution
		SolutionGuid = {A5A1806A-A294-406F-A4F7-C4A92FBFF0F5}
	EndGlobalSection
EndGlobal
